github.com/jmbarzee/color v0.0.0-20201112203453-1dae7cefa344 h1:aYagHSDUC9Hu1TOReUNs/PrXIKTZxyuc+sDRn3wvyxw=
github.com/jmbarzee/color v0.0.0-20201112203453-1dae7cefa344/go.mod h1:EHYR8AuK2ktJ2nQKoK3fkYCYAYOy3jSBCAQVto0Za90=
golang.org/x/exp v0.0.0-20220722155223-a9213eeb770e h1:+WEEuIdZHnUeJJmEUjyYC2gfUMj69yZXw17EnHg/otA=
golang.org/x/exp v0.0.0-20220722155223-a9213eeb770e/go.mod h1:Kr81I6Kryrl9sr8s2FK3vxD90NdsKWRuOIl2O4CvYbA=
